{
  "requires": true,
  "lockfileVersion": 1,
  "dependencies": {
    "resource-manager-js": {
      "version": "5.0.7",
      "resolved": "https://registry.npmjs.org/resource-manager-js/-/resource-manager-js-5.0.7.tgz",
      "integrity": "sha512-MCx8XHSonLhBeC6FvMyWJZ73g9Rk4NkLIOguxrS9Q6IFqY/GBnv75UCwj0gv3GQRWz8ei4X3A6VLFNfLLYddMg=="
    },
    "youtube-video-js": {
      "version": "3.4.0",
      "resolved": "https://registry.npmjs.org/youtube-video-js/-/youtube-video-js-3.4.0.tgz",
      "integrity": "sha512-smpz9EK/nBbBHHl9zDAHKUMV3ST/2Rcws4Ijr9BR6pEa9NfdPj9FXmkDiXA5aEXycESwry8UW7imlUReWtsU/w==",
      "requires": {
        "resource-manager-js": "^5.0.7"
      }
    }
  }
}
