# THIS IS AN AUTOGENERATED FILE. DO NOT EDIT THIS FILE DIRECTLY.
# yarn lockfile v1


ajv-formats@^2.0.2, ajv-formats@^2.1.0:
  version "2.1.1"
  resolved "https://registry.yarnpkg.com/ajv-formats/-/ajv-formats-2.1.1.tgz#6e669400659eb74973bbf2e33327180a0996b520"
  integrity sha512-Wx0Kx52hxE7C18hkMEggYlEifqWZtYaRgouJor+WMdPnQyEK13vgEWyVNup7SoeeoLMsr4kf5h6dOW11I15MUA==
  dependencies:
    ajv "^8.0.0"

ajv@^8.0.0, ajv@^8.1.0, ajv@^8.3.0, ajv@^8.4.0:
  version "8.9.0"
  resolved "https://registry.yarnpkg.com/ajv/-/ajv-8.9.0.tgz#738019146638824dea25edcf299dcba1b0e7eb18"
  integrity sha512-qOKJyNj/h+OWx7s5DePL6Zu1KeM9jPZhwBqs+7DzP6bGOvqzVCSf0xueYmVuaC/oQ/VtS2zLMLHdQFbkka+XDQ==
  dependencies:
    fast-deep-equal "^3.1.1"
    json-schema-traverse "^1.0.0"
    require-from-string "^2.0.2"
    uri-js "^4.2.2"

argparse@^1.0.7:
  version "1.0.10"
  resolved "https://registry.yarnpkg.com/argparse/-/argparse-1.0.10.tgz#bcd6791ea5ae09725e17e5ad988134cd40b3d911"
  integrity sha512-o5Roy6tNG4SL/FOkCAN6RzjiakZS25RLYFrcMttJqbdd8BWrnA+fGz57iN5Pb06pvBGvl5gQ0B48dJlslXvoTg==
  dependencies:
    sprintf-js "~1.0.2"

balanced-match@^1.0.0:
  version "1.0.2"
  resolved "https://registry.yarnpkg.com/balanced-match/-/balanced-match-1.0.2.tgz#e83e3a7e3f300b34cb9d87f615fa0cbf357690ee"
  integrity sha512-3oSeUO0TMV67hN1AmbXsK4yaqU7tjiHlbxRDZOpH0KW9+CeX4bRAaX0Anxt0tx2MrpRpWwQaPwIlISEJhYU5Pw==

brace-expansion@^1.1.7:
  version "1.1.11"
  resolved "https://registry.yarnpkg.com/brace-expansion/-/brace-expansion-1.1.11.tgz#3c7fcbf529d87226f3d2f52b966ff5271eb441dd"
  integrity sha512-iCuPHDFgrHX7H2vEI/5xpz07zSHB00TpugqhmYtVmMO6518mCuRMoOYFldEBl0g187ufozdaHgWKcYFb61qGiA==
  dependencies:
    balanced-match "^1.0.0"
    concat-map "0.0.1"

concat-map@0.0.1:
  version "0.0.1"
  resolved "https://registry.yarnpkg.com/concat-map/-/concat-map-0.0.1.tgz#d8a96bd77fd68df7793a73036a3ba0d5405d477b"
  integrity sha1-2Klr13/Wjfd5OnMDajug1UBdR3s=

content-type@^1.0.4:
  version "1.0.4"
  resolved "https://registry.yarnpkg.com/content-type/-/content-type-1.0.4.tgz#e138cc75e040c727b1966fe5e5f8c9aee256fe3b"
  integrity sha512-hIP3EEPs8tB9AT1L+NUqtwOAps4mk2Zob89MWXMHjHWg9milF/j4osnnQLXBCBFBk/tvIG/tUc9mOUJiPBhPXA==

difunc@0.0.4:
  version "0.0.4"
  resolved "https://registry.yarnpkg.com/difunc/-/difunc-0.0.4.tgz#09322073e67f82effd2f22881985e7d3e441b3ac"
  integrity sha512-zBiL4ALDmviHdoLC0g0G6wVme5bwAow9WfhcZLLopXCAWgg3AEf7RYTs2xugszIGulRHzEVDF/SHl9oyQU07Pw==
  dependencies:
    esprima "^4.0.0"

esprima@^4.0.0:
  version "4.0.1"
  resolved "https://registry.yarnpkg.com/esprima/-/esprima-4.0.1.tgz#13b04cdb3e6c5d19df91ab6987a8695619b0aa71"
  integrity sha512-eGuFFw7Upda+g4p+QHvnW0RyTX/SVeJBDM/gCtMARO0cLuT2HcEKnTPvhjV6aGeqrCB/sbNop0Kszm0jsaWU4A==

express-normalize-query-params-middleware@^0.5.0:
  version "0.5.1"
  resolved "https://registry.yarnpkg.com/express-normalize-query-params-middleware/-/express-normalize-query-params-middleware-0.5.1.tgz#dbe1e8139aecb234fb6adb5c0059c75db9733d2a"
  integrity sha1-2+HoE5rssjT7attcAFnHXblzPSo=

express-openapi@^10.1.0:
  version "10.1.0"
  resolved "https://registry.yarnpkg.com/express-openapi/-/express-openapi-10.1.0.tgz#635cb047a79e24066734246f9bdfb994c589e4fd"
  integrity sha512-cNY7NE6JX0LXF3iAsSyDlS29JJjUPfXgQ4qPGuDm3qnZxvLlYqOiT81y3h6CDvdWbNLONAJJ1NZmXD9v/qNaBg==
  dependencies:
    express-normalize-query-params-middleware "^0.5.0"
    openapi-framework "^10.1.0"
    openapi-types "^10.0.0"

fast-deep-equal@^3.1.1:
  version "3.1.3"
  resolved "https://registry.yarnpkg.com/fast-deep-equal/-/fast-deep-equal-3.1.3.tgz#3a7d56b559d6cbc3eb512325244e619a65c6c525"
  integrity sha512-f3qQ9oQy9j2AhBe/H9VC91wLmKBCCU/gDOnKNAYG5hswO7BLKj09Hc5HYNz9cGI++xlpDCIgDaitVs03ATR84Q==

fs-routes@^10.0.0:
  version "10.0.0"
  resolved "https://registry.yarnpkg.com/fs-routes/-/fs-routes-10.0.0.tgz#67a035c0220ea362f308115fe259a0a43ff0fdf7"
  integrity sha512-3MzzDV0v0Cuxu6STgjOK+6doAKY4SD9Sm8Sf/99Vbmw1itdcOjC4D7rSlYmsvgapQL/hu5MaFS24YbSqAaeUkw==

fs.realpath@^1.0.0:
  version "1.0.0"
  resolved "https://registry.yarnpkg.com/fs.realpath/-/fs.realpath-1.0.0.tgz#1504ad2523158caa40db4a2787cb01411994ea4f"
  integrity sha1-FQStJSMVjKpA20onh8sBQRmU6k8=

glob@*:
  version "7.2.0"
  resolved "https://registry.yarnpkg.com/glob/-/glob-7.2.0.tgz#d15535af7732e02e948f4c41628bd910293f6023"
  integrity sha512-lmLf6gtyrPq8tTjSmrO94wBeQbFR3HbLHbuyD69wuyQkImp2hWqMGB47OX65FBkPffO641IP9jWa1z4ivqG26Q==
  dependencies:
    fs.realpath "^1.0.0"
    inflight "^1.0.4"
    inherits "2"
    minimatch "^3.0.4"
    once "^1.3.0"
    path-is-absolute "^1.0.0"

inflight@^1.0.4:
  version "1.0.6"
  resolved "https://registry.yarnpkg.com/inflight/-/inflight-1.0.6.tgz#49bd6331d7d02d0c09bc910a1075ba8165b56df9"
  integrity sha1-Sb1jMdfQLQwJvJEKEHW6gWW1bfk=
  dependencies:
    once "^1.3.0"
    wrappy "1"

inherits@2:
  version "2.0.4"
  resolved "https://registry.yarnpkg.com/inherits/-/inherits-2.0.4.tgz#0fa2c64f932917c3433a0ded55363aae37416b7c"
  integrity sha512-k/vGaX4/Yla3WzyMCvTQOXYeIHvqOKtnqBduzTHpzpQZzAskKMhZ2K+EnBiSM9zGSoIFeMpXKxa4dYeZIQqewQ==

is-dir@^1.0.0:
  version "1.0.0"
  resolved "https://registry.yarnpkg.com/is-dir/-/is-dir-1.0.0.tgz#41d37f495fccacc05a4778d66e83024c292ba3ff"
  integrity sha1-QdN/SV/MrMBaR3jWboMCTCkro/8=

js-yaml@^3.10.0:
  version "3.14.1"
  resolved "https://registry.yarnpkg.com/js-yaml/-/js-yaml-3.14.1.tgz#dae812fdb3825fa306609a8717383c50c36a0537"
  integrity sha512-okMH7OXXJ7YrN9Ok3/SXrnu4iX9yOk+25nqX4imS2npuvTYDmo/QEZoqwZkYaIDk3jVvBOTOIEgEhaLOynBS9g==
  dependencies:
    argparse "^1.0.7"
    esprima "^4.0.0"

json-schema-traverse@^1.0.0:
  version "1.0.0"
  resolved "https://registry.yarnpkg.com/json-schema-traverse/-/json-schema-traverse-1.0.0.tgz#ae7bcb3656ab77a73ba5c49bf654f38e6b6860e2"
  integrity sha512-NM8/P9n3XjXhIZn1lLhkFaACTOURQXjWhV4BA/RnOv8xvgqtqpAX9IO4mRQxSx1Rlo4tqzeqb0sOlruaOy3dug==

lodash.merge@^4.6.1:
  version "4.6.2"
  resolved "https://registry.yarnpkg.com/lodash.merge/-/lodash.merge-4.6.2.tgz#558aa53b43b661e1925a0afdfa36a9a1085fe57a"
  integrity sha512-0KpjqXRVvrYyCsX1swR/XTK0va6VQkQM6MNo7PqW77ByjAhoARA8EfrP1N4+KlKj8YS0ZUCtRT/YUuhyYDujIQ==

minimatch@^3.0.4:
  version "3.0.4"
  resolved "https://registry.yarnpkg.com/minimatch/-/minimatch-3.0.4.tgz#5166e286457f03306064be5497e8dbb0c3d32083"
  integrity sha512-yJHVQEhyqPLUTgt9B83PXu6W3rx4MvvHvSUvToogpwoGDOUQ+yDrR0HRot+yOCdCO7u4hX3pWft6kWBBcqh0UA==
  dependencies:
    brace-expansion "^1.1.7"

once@^1.3.0:
  version "1.4.0"
  resolved "https://registry.yarnpkg.com/once/-/once-1.4.0.tgz#583b1aa775961d4b113ac17d9c50baef9dd76bd1"
  integrity sha1-WDsap3WWHUsROsF9nFC6753Xa9E=
  dependencies:
    wrappy "1"

openapi-default-setter@^10.0.0:
  version "10.0.0"
  resolved "https://registry.yarnpkg.com/openapi-default-setter/-/openapi-default-setter-10.0.0.tgz#30bab1bdb49a93ca2a76c48177e6c72866efdbb9"
  integrity sha512-HgJZM2T++eWtyRXOoxUWpHEnitUnVkTlV3cuD7h6zEwbX/hUWUboeoC40jE+R2RYCfToAeZjKk7FrWnSojs3Sw==
  dependencies:
    openapi-types "^10.0.0"

openapi-framework@^10.1.0:
  version "10.1.0"
  resolved "https://registry.yarnpkg.com/openapi-framework/-/openapi-framework-10.1.0.tgz#b90b4d4dc08b69588ea805a14b455361ec2fe43a"
  integrity sha512-bjY1jtEE2sQLfgAkSdGeleHSBwMPb0o4othyArMfTiyUyhQzJwfpPN+1EjivfP25ZTsaR+nyxY6rYjhPnuG0cQ==
  dependencies:
    difunc "0.0.4"
    fs-routes "^10.0.0"
    glob "*"
    is-dir "^1.0.0"
    js-yaml "^3.10.0"
    openapi-default-setter "^10.0.0"
    openapi-request-coercer "^10.0.0"
    openapi-request-validator "^10.0.0"
    openapi-response-validator "^10.0.0"
    openapi-schema-validator "^10.0.0"
    openapi-security-handler "^10.0.0"
    openapi-types "^10.0.0"
    ts-log "^2.1.4"

openapi-jsonschema-parameters@^10.0.0:
  version "10.0.0"
  resolved "https://registry.yarnpkg.com/openapi-jsonschema-parameters/-/openapi-jsonschema-parameters-10.0.0.tgz#c5c9c070664eca5012305b1b41d6ec7f7bf5100a"
  integrity sha512-tsH3ZIEyMvUSfbngkyq89fPsnrlfXfq6+RsFtEvUovc0GgNf+kurdny7YDGR+Oo6q4fq9fvZtT7LXtZH3GT0Tw==
  dependencies:
    openapi-types "^10.0.0"

openapi-request-coercer@^10.0.0:
  version "10.0.0"
  resolved "https://registry.yarnpkg.com/openapi-request-coercer/-/openapi-request-coercer-10.0.0.tgz#42560dc0688110b8372f637cc9e3f2d81dc5100c"
  integrity sha512-j8oLlKLtoE4mAKyDomyMmmGXau+5L9lnPMJa5VmpF6XGTMzMeqy8NulXVuQnm115TiPIrlleqJmEGgkxEEnzSw==
  dependencies:
    openapi-types "^10.0.0"
    ts-log "^2.1.4"

openapi-request-validator@^10.0.0:
  version "10.0.0"
  resolved "https://registry.yarnpkg.com/openapi-request-validator/-/openapi-request-validator-10.0.0.tgz#00600771bb96098524bfeddc611d3273822db347"
  integrity sha512-VRhlZ3UfTarrm0GCs3d4rKOPSe+4HJW79vX/qogE0VJzPwcyAqBQMPfFgSICFr0y1keTguY45HC2wjhp3uUEIA==
  dependencies:
    ajv "^8.3.0"
    ajv-formats "^2.1.0"
    content-type "^1.0.4"
    openapi-jsonschema-parameters "^10.0.0"
    openapi-types "^10.0.0"
    ts-log "^2.1.4"

openapi-response-validator@^10.0.0:
  version "10.0.0"
  resolved "https://registry.yarnpkg.com/openapi-response-validator/-/openapi-response-validator-10.0.0.tgz#e168d65e94bb560410af39453bc481d5283f24d6"
  integrity sha512-uEarZadDY/Y04FRIl0AiF9iksjJGsFv0XPmwHpCKBQ2795zYFqhLa3i/pojkHOIsa6IZkfiJD4Goh+TzK/z6Yw==
  dependencies:
    ajv "^8.4.0"
    openapi-types "^10.0.0"

openapi-schema-validator@^10.0.0:
  version "10.0.0"
  resolved "https://registry.yarnpkg.com/openapi-schema-validator/-/openapi-schema-validator-10.0.0.tgz#c2e9a8cffc75fcb6e323b30a29a4f2a340d02be1"
  integrity sha512-tfXR7kLhI2f7QgArfJn5imkFJ1dvLOO5r4b1JZQoW3PgPb3caOiaWZ+H1iLzFj3IG1gmM3BrYZD1sAvWtDwUCA==
  dependencies:
    ajv "^8.1.0"
    ajv-formats "^2.0.2"
    lodash.merge "^4.6.1"
    openapi-types "^10.0.0"

openapi-security-handler@^10.0.0:
  version "10.0.0"
  resolved "https://registry.yarnpkg.com/openapi-security-handler/-/openapi-security-handler-10.0.0.tgz#a778b1e83e7d48df9944e0d00150ecccfd3db603"
  integrity sha512-agsrwJnObXRFfto2t2wbwYLQnzFB3huUbheCQHKTLh557FYlNDelYih4xoTIXbcONh6tseiyjzAe93LjJDX9iQ==
  dependencies:
    openapi-types "^10.0.0"

openapi-types@^10.0.0:
  version "10.0.0"
  resolved "https://registry.yarnpkg.com/openapi-types/-/openapi-types-10.0.0.tgz#0debbf663b2feed0322030b5b7c9080804076934"
  integrity sha512-Y8xOCT2eiKGYDzMW9R4x5cmfc3vGaaI4EL2pwhDmodWw1HlK18YcZ4uJxc7Rdp7/gGzAygzH9SXr6GKYIXbRcQ==

path-is-absolute@^1.0.0:
  version "1.0.1"
  resolved "https://registry.yarnpkg.com/path-is-absolute/-/path-is-absolute-1.0.1.tgz#174b9268735534ffbc7ace6bf53a5a9e1b5c5f5f"
  integrity sha1-F0uSaHNVNP+8es5r9TpanhtcX18=

punycode@^2.1.0:
  version "2.1.1"
  resolved "https://registry.yarnpkg.com/punycode/-/punycode-2.1.1.tgz#b58b010ac40c22c5657616c8d2c2c02c7bf479ec"
  integrity sha512-XRsRjdf+j5ml+y/6GKHPZbrF/8p2Yga0JPtdqTIY2Xe5ohJPD9saDJJLPvp9+NSBprVvevdXZybnj2cv8OEd0A==

require-from-string@^2.0.2:
  version "2.0.2"
  resolved "https://registry.yarnpkg.com/require-from-string/-/require-from-string-2.0.2.tgz#89a7fdd938261267318eafe14f9c32e598c36909"
  integrity sha512-Xf0nWe6RseziFMu+Ap9biiUbmplq6S9/p+7w7YXP/JBHhrUDDUhwa+vANyubuqfZWTveU//DYVGsDG7RKL/vEw==

sprintf-js@~1.0.2:
  version "1.0.3"
  resolved "https://registry.yarnpkg.com/sprintf-js/-/sprintf-js-1.0.3.tgz#04e6926f662895354f3dd015203633b857297e2c"
  integrity sha1-BOaSb2YolTVPPdAVIDYzuFcpfiw=

ts-log@^2.1.4:
  version "2.2.4"
  resolved "https://registry.yarnpkg.com/ts-log/-/ts-log-2.2.4.tgz#d672cf904b33735eaba67a7395c93d45fba475b3"
  integrity sha512-DEQrfv6l7IvN2jlzc/VTdZJYsWUnQNCsueYjMkC/iXoEoi5fNan6MjeDqkvhfzbmHgdz9UxDUluX3V5HdjTydQ==

uri-js@^4.2.2:
  version "4.4.1"
  resolved "https://registry.yarnpkg.com/uri-js/-/uri-js-4.4.1.tgz#9b1a52595225859e55f669d928f88c6c57f2a77e"
  integrity sha512-7rKUyy33Q1yc98pQ1DAmLtwX109F7TIfWlW1Ydo8Wl1ii1SeHieeh0HHfPeL2fMXK6z0s8ecKs9frCuLJvndBg==
  dependencies:
    punycode "^2.1.0"

wrappy@1:
  version "1.0.2"
  resolved "https://registry.yarnpkg.com/wrappy/-/wrappy-1.0.2.tgz#b5243d8f3ec1aa35f1364605bc0d1036e30ab69f"
  integrity sha1-tSQ9jz7BqjXxNkYFvA0QNuMKtp8=
